
Microsoft Visual Studio Solution File, Format Version 12.00
# Visual Studio 15
VisualStudioVersion = 15.0.27703.2026
MinimumVisualStudioVersion = 10.0.40219.1
Project("{FAE04EC0-301F-11D3-BF4B-00C04F79EFBC}") = "Sharpchain", "Sharpchain\Sharpchain.csproj", "{D25DDE39-718A-4BAE-A97A-5C684C36BCF0}"
EndProject
Global
	GlobalSection(SolutionConfigurationPlatforms) = preSolution
		Debug|Any CPU = Debug|Any CPU
		Release|Any CPU = Release|Any CPU
	EndGlobalSection
	GlobalSection(ProjectConfigurationPlatforms) = postSolution
		{D25DDE39-718A-4BAE-A97A-5C684C36BCF0}.Debug|Any CPU.ActiveCfg = Debug|Any CPU
		{D25DDE39-718A-4BAE-A97A-5C684C36BCF0}.Debug|Any CPU.Build.0 = Debug|Any CPU
		{D25DDE39-718A-4BAE-A97A-5C684C36BCF0}.Release|Any CPU.ActiveCfg = Release|Any CPU
		{D25DDE39-718A-4BAE-A97A-5C684C36BCF0}.Release|Any CPU.Build.0 = Release|Any CPU
	EndGlobalSection
	GlobalSection(SolutionProperties) = preSolution
		HideSolutionNode = FALSE
	EndGlobalSection
	GlobalSection(ExtensibilityGlobals) = postSolution
		SolutionGuid = {62DD7FBA-2CDF-4F22-A5B7-A00411A43688}
	EndGlobalSection
EndGlobal
